{
  "originHash" : "fd57f22c58881d8a1312fdb42713abf81c24c73d69a7d6eca80ea61c6edbedc8",
  "pins" : [
    {
      "identity" : "fontkit",
      "kind" : "remoteSourceControl",
      "location" : "https://github.com/danielsaidi/FontKit",
      "state" : {
        "revision" : "e4d2142bc4b73cba019ea7f3928267606fee1431",
        "version" : "0.1.4"
      }
    }
  ],
  "version" : 3
}
