{
  "originHash" : "8d8a562f5369839885c32ec7481550fe874d4a7fb579dbebf71203624135fa3c",
  "pins" : [
    {
      "identity" : "fontkit",
      "kind" : "remoteSourceControl",
      "location" : "https://github.com/danielsaidi/FontKit",
      "state" : {
        "revision" : "5a49c16eeba07537df08754162f16f6bc8f599a4",
        "version" : "0.1.0"
      }
    }
  ],
  "version" : 3
}
