{
  "originHash" : "ea5d13db0ba082036b7b295e9e55bbce5f20e2bc5ec02a75219b9ae7ec41623c",
  "pins" : [
    {
      "identity" : "fontkit",
      "kind" : "remoteSourceControl",
      "location" : "https://github.com/danielsaidi/FontKit",
      "state" : {
        "revision" : "1445142b6212a2d9959607132046211268ece90f",
        "version" : "0.2.0"
      }
    }
  ],
  "version" : 3
}
